
Microsoft Visual Studio Solution File, Format Version 12.00
Project("{FAE04EC0-301F-11D3-BF4B-00C04F79EFBC}") = "Downcast.UserManager.API", "src\Downcast.UserManager.API\Downcast.UserManager.API.csproj", "{AB27795F-C37F-48FF-8899-99F4C0950156}"
EndProject
Project("{2150E333-8FDC-42A3-9474-1A3956D46DE8}") = "src", "src", "{329E7436-AE3D-423D-AE42-AD986CD62D87}"
EndProject
Project("{2150E333-8FDC-42A3-9474-1A3956D46DE8}") = "test", "test", "{0018D701-DBA5-4C74-B562-F36942B87BD6}"
EndProject
Project("{2150E333-8FDC-42A3-9474-1A3956D46DE8}") = "solution items", "solution items", "{4908532E-C4A9-4AE7-B9F2-3868C7718666}"
	ProjectSection(SolutionItems) = preProject
		README.md = README.md
		.editorconfig = .editorconfig
		.gitignore = .gitignore
	EndProjectSection
EndProject
Project("{FAE04EC0-301F-11D3-BF4B-00C04F79EFBC}") = "Downcast.UserManager", "src\Downcast.UserManager\Downcast.UserManager.csproj", "{1BB56956-3893-4CC6-AC11-44D8C588983A}"
EndProject
Project("{FAE04EC0-301F-11D3-BF4B-00C04F79EFBC}") = "Downcast.UserManager.Repository", "src\Downcast.UserManager.Repository\Downcast.UserManager.Repository.csproj", "{5AB7DCA2-8558-4F72-B4D6-1B9169FD6994}"
EndProject
Project("{FAE04EC0-301F-11D3-BF4B-00C04F79EFBC}") = "Downcast.UserManager.Cryptography", "src\Downcast.UserManager.Cryptography\Downcast.UserManager.Cryptography.csproj", "{3B195AD9-EB57-4AAF-85B8-44AD07878AF0}"
EndProject
Project("{FAE04EC0-301F-11D3-BF4B-00C04F79EFBC}") = "Downcast.UserManager.Model", "src\Downcast.UserManager.Model\Downcast.UserManager.Model.csproj", "{7271CD00-73A4-41F6-964A-3E54F46B714C}"
EndProject
Project("{FAE04EC0-301F-11D3-BF4B-00C04F79EFBC}") = "Downcast.UserManager.Security", "src\Downcast.UserManager.Security\Downcast.UserManager.Security.csproj", "{5D4454FA-968B-4BEC-8A13-203F250D2C59}"
EndProject
Project("{2150E333-8FDC-42A3-9474-1A3956D46DE8}") = "cliend-sdk", "cliend-sdk", "{7C4A227B-CFE0-47A4-BB84-CF3B0CDB9560}"
EndProject
Project("{FAE04EC0-301F-11D3-BF4B-00C04F79EFBC}") = "Downcast.UserManager.Client", "client-sdk\Downcast.UserManager.Client\Downcast.UserManager.Client.csproj", "{F5C5D31F-0E1E-4649-8E6D-3E0EE4A7ADC6}"
EndProject
Project("{FAE04EC0-301F-11D3-BF4B-00C04F79EFBC}") = "Downcast.UserManager.Client.DependencyInjection", "client-sdk\Downcast.UserManager.Client.DependencyInjection\Downcast.UserManager.Client.DependencyInjection.csproj", "{80DA0C6B-622B-417B-9F5F-332C05B8CB34}"
EndProject
Project("{FAE04EC0-301F-11D3-BF4B-00C04F79EFBC}") = "Downcast.UserManager.Tests.Utils", "test\Downcast.UserManager.Tests.Utils\Downcast.UserManager.Tests.Utils.csproj", "{058BC15F-7C23-4BC5-8E92-473363B34528}"
EndProject
Project("{FAE04EC0-301F-11D3-BF4B-00C04F79EFBC}") = "Downcast.UserManager.Tests", "test\Downcast.UserManager.Tests\Downcast.UserManager.Tests.csproj", "{4C0EF6E7-ED34-4A9C-8BEC-D31606FE9FB2}"
EndProject
Project("{FAE04EC0-301F-11D3-BF4B-00C04F79EFBC}") = "Downcast.UserManager.Security.Tests", "test\Downcast.UserManager.Security.Tests\Downcast.UserManager.Security.Tests.csproj", "{FE4A301F-90D3-452E-AF5B-79D510821000}"
EndProject
Project("{FAE04EC0-301F-11D3-BF4B-00C04F79EFBC}") = "Downcast.UserManager.Cryptography.Tests", "test\Downcast.UserManager.Cryptography.Tests\Downcast.UserManager.Cryptography.Tests.csproj", "{75656542-9642-46C7-AD32-EB2CBDC3BA11}"
EndProject
Project("{2150E333-8FDC-42A3-9474-1A3956D46DE8}") = "workflows", "workflows", "{C0A3BBA8-2E60-41DC-9FE6-02C837ECCD7A}"
	ProjectSection(SolutionItems) = preProject
		.github\workflows\build_and_test.yml = .github\workflows\build_and_test.yml
	EndProjectSection
EndProject
Global
	GlobalSection(SolutionConfigurationPlatforms) = preSolution
		Debug|Any CPU = Debug|Any CPU
		Release|Any CPU = Release|Any CPU
	EndGlobalSection
	GlobalSection(ProjectConfigurationPlatforms) = postSolution
		{AB27795F-C37F-48FF-8899-99F4C0950156}.Debug|Any CPU.ActiveCfg = Debug|Any CPU
		{AB27795F-C37F-48FF-8899-99F4C0950156}.Debug|Any CPU.Build.0 = Debug|Any CPU
		{AB27795F-C37F-48FF-8899-99F4C0950156}.Release|Any CPU.ActiveCfg = Release|Any CPU
		{AB27795F-C37F-48FF-8899-99F4C0950156}.Release|Any CPU.Build.0 = Release|Any CPU
		{1BB56956-3893-4CC6-AC11-44D8C588983A}.Debug|Any CPU.ActiveCfg = Debug|Any CPU
		{1BB56956-3893-4CC6-AC11-44D8C588983A}.Debug|Any CPU.Build.0 = Debug|Any CPU
		{1BB56956-3893-4CC6-AC11-44D8C588983A}.Release|Any CPU.ActiveCfg = Release|Any CPU
		{1BB56956-3893-4CC6-AC11-44D8C588983A}.Release|Any CPU.Build.0 = Release|Any CPU
		{5AB7DCA2-8558-4F72-B4D6-1B9169FD6994}.Debug|Any CPU.ActiveCfg = Debug|Any CPU
		{5AB7DCA2-8558-4F72-B4D6-1B9169FD6994}.Debug|Any CPU.Build.0 = Debug|Any CPU
		{5AB7DCA2-8558-4F72-B4D6-1B9169FD6994}.Release|Any CPU.ActiveCfg = Release|Any CPU
		{5AB7DCA2-8558-4F72-B4D6-1B9169FD6994}.Release|Any CPU.Build.0 = Release|Any CPU
		{3B195AD9-EB57-4AAF-85B8-44AD07878AF0}.Debug|Any CPU.ActiveCfg = Debug|Any CPU
		{3B195AD9-EB57-4AAF-85B8-44AD07878AF0}.Debug|Any CPU.Build.0 = Debug|Any CPU
		{3B195AD9-EB57-4AAF-85B8-44AD07878AF0}.Release|Any CPU.ActiveCfg = Release|Any CPU
		{3B195AD9-EB57-4AAF-85B8-44AD07878AF0}.Release|Any CPU.Build.0 = Release|Any CPU
		{7271CD00-73A4-41F6-964A-3E54F46B714C}.Debug|Any CPU.ActiveCfg = Debug|Any CPU
		{7271CD00-73A4-41F6-964A-3E54F46B714C}.Debug|Any CPU.Build.0 = Debug|Any CPU
		{7271CD00-73A4-41F6-964A-3E54F46B714C}.Release|Any CPU.ActiveCfg = Release|Any CPU
		{7271CD00-73A4-41F6-964A-3E54F46B714C}.Release|Any CPU.Build.0 = Release|Any CPU
		{5D4454FA-968B-4BEC-8A13-203F250D2C59}.Debug|Any CPU.ActiveCfg = Debug|Any CPU
		{5D4454FA-968B-4BEC-8A13-203F250D2C59}.Debug|Any CPU.Build.0 = Debug|Any CPU
		{5D4454FA-968B-4BEC-8A13-203F250D2C59}.Release|Any CPU.ActiveCfg = Release|Any CPU
		{5D4454FA-968B-4BEC-8A13-203F250D2C59}.Release|Any CPU.Build.0 = Release|Any CPU
		{F5C5D31F-0E1E-4649-8E6D-3E0EE4A7ADC6}.Debug|Any CPU.ActiveCfg = Debug|Any CPU
		{F5C5D31F-0E1E-4649-8E6D-3E0EE4A7ADC6}.Debug|Any CPU.Build.0 = Debug|Any CPU
		{F5C5D31F-0E1E-4649-8E6D-3E0EE4A7ADC6}.Release|Any CPU.ActiveCfg = Release|Any CPU
		{F5C5D31F-0E1E-4649-8E6D-3E0EE4A7ADC6}.Release|Any CPU.Build.0 = Release|Any CPU
		{80DA0C6B-622B-417B-9F5F-332C05B8CB34}.Debug|Any CPU.ActiveCfg = Debug|Any CPU
		{80DA0C6B-622B-417B-9F5F-332C05B8CB34}.Debug|Any CPU.Build.0 = Debug|Any CPU
		{80DA0C6B-622B-417B-9F5F-332C05B8CB34}.Release|Any CPU.ActiveCfg = Release|Any CPU
		{80DA0C6B-622B-417B-9F5F-332C05B8CB34}.Release|Any CPU.Build.0 = Release|Any CPU
		{058BC15F-7C23-4BC5-8E92-473363B34528}.Debug|Any CPU.ActiveCfg = Debug|Any CPU
		{058BC15F-7C23-4BC5-8E92-473363B34528}.Debug|Any CPU.Build.0 = Debug|Any CPU
		{058BC15F-7C23-4BC5-8E92-473363B34528}.Release|Any CPU.ActiveCfg = Release|Any CPU
		{058BC15F-7C23-4BC5-8E92-473363B34528}.Release|Any CPU.Build.0 = Release|Any CPU
		{4C0EF6E7-ED34-4A9C-8BEC-D31606FE9FB2}.Debug|Any CPU.ActiveCfg = Debug|Any CPU
		{4C0EF6E7-ED34-4A9C-8BEC-D31606FE9FB2}.Debug|Any CPU.Build.0 = Debug|Any CPU
		{4C0EF6E7-ED34-4A9C-8BEC-D31606FE9FB2}.Release|Any CPU.ActiveCfg = Release|Any CPU
		{4C0EF6E7-ED34-4A9C-8BEC-D31606FE9FB2}.Release|Any CPU.Build.0 = Release|Any CPU
		{FE4A301F-90D3-452E-AF5B-79D510821000}.Debug|Any CPU.ActiveCfg = Debug|Any CPU
		{FE4A301F-90D3-452E-AF5B-79D510821000}.Debug|Any CPU.Build.0 = Debug|Any CPU
		{FE4A301F-90D3-452E-AF5B-79D510821000}.Release|Any CPU.ActiveCfg = Release|Any CPU
		{FE4A301F-90D3-452E-AF5B-79D510821000}.Release|Any CPU.Build.0 = Release|Any CPU
		{75656542-9642-46C7-AD32-EB2CBDC3BA11}.Debug|Any CPU.ActiveCfg = Debug|Any CPU
		{75656542-9642-46C7-AD32-EB2CBDC3BA11}.Debug|Any CPU.Build.0 = Debug|Any CPU
		{75656542-9642-46C7-AD32-EB2CBDC3BA11}.Release|Any CPU.ActiveCfg = Release|Any CPU
		{75656542-9642-46C7-AD32-EB2CBDC3BA11}.Release|Any CPU.Build.0 = Release|Any CPU
	EndGlobalSection
	GlobalSection(NestedProjects) = preSolution
		{AB27795F-C37F-48FF-8899-99F4C0950156} = {329E7436-AE3D-423D-AE42-AD986CD62D87}
		{1BB56956-3893-4CC6-AC11-44D8C588983A} = {329E7436-AE3D-423D-AE42-AD986CD62D87}
		{5AB7DCA2-8558-4F72-B4D6-1B9169FD6994} = {329E7436-AE3D-423D-AE42-AD986CD62D87}
		{3B195AD9-EB57-4AAF-85B8-44AD07878AF0} = {329E7436-AE3D-423D-AE42-AD986CD62D87}
		{7271CD00-73A4-41F6-964A-3E54F46B714C} = {329E7436-AE3D-423D-AE42-AD986CD62D87}
		{5D4454FA-968B-4BEC-8A13-203F250D2C59} = {329E7436-AE3D-423D-AE42-AD986CD62D87}
		{F5C5D31F-0E1E-4649-8E6D-3E0EE4A7ADC6} = {7C4A227B-CFE0-47A4-BB84-CF3B0CDB9560}
		{80DA0C6B-622B-417B-9F5F-332C05B8CB34} = {7C4A227B-CFE0-47A4-BB84-CF3B0CDB9560}
		{058BC15F-7C23-4BC5-8E92-473363B34528} = {0018D701-DBA5-4C74-B562-F36942B87BD6}
		{4C0EF6E7-ED34-4A9C-8BEC-D31606FE9FB2} = {0018D701-DBA5-4C74-B562-F36942B87BD6}
		{FE4A301F-90D3-452E-AF5B-79D510821000} = {0018D701-DBA5-4C74-B562-F36942B87BD6}
		{75656542-9642-46C7-AD32-EB2CBDC3BA11} = {0018D701-DBA5-4C74-B562-F36942B87BD6}
		{C0A3BBA8-2E60-41DC-9FE6-02C837ECCD7A} = {4908532E-C4A9-4AE7-B9F2-3868C7718666}
	EndGlobalSection
EndGlobal
